
Microsoft Visual Studio Solution File, Format Version 12.00
# Visual Studio Version 16
VisualStudioVersion = 16.0.29503.13
MinimumVisualStudioVersion = 10.0.40219.1
Project("{FAE04EC0-301F-11D3-BF4B-00C04F79EFBC}") = "SalesWebMvc", "SalesWebMvc\SalesWebMvc.csproj", "{FB25575A-6D5E-49B3-9DB7-0A7AFCDA3B4E}"
EndProject
Global
	GlobalSection(SolutionConfigurationPlatforms) = preSolution
		Debug|Any CPU = Debug|Any CPU
		Release|Any CPU = Release|Any CPU
	EndGlobalSection
	GlobalSection(ProjectConfigurationPlatforms) = postSolution
		{FB25575A-6D5E-49B3-9DB7-0A7AFCDA3B4E}.Debug|Any CPU.ActiveCfg = Debug|Any CPU
		{FB25575A-6D5E-49B3-9DB7-0A7AFCDA3B4E}.Debug|Any CPU.Build.0 = Debug|Any CPU
		{FB25575A-6D5E-49B3-9DB7-0A7AFCDA3B4E}.Release|Any CPU.ActiveCfg = Release|Any CPU
		{FB25575A-6D5E-49B3-9DB7-0A7AFCDA3B4E}.Release|Any CPU.Build.0 = Release|Any CPU
	EndGlobalSection
	GlobalSection(SolutionProperties) = preSolution
		HideSolutionNode = FALSE
	EndGlobalSection
	GlobalSection(ExtensibilityGlobals) = postSolution
		SolutionGuid = {EBA64737-9678-4BAF-8A75-1BC78960452E}
	EndGlobalSection
EndGlobal
